
Microsoft Visual Studio Solution File, Format Version 12.00
# Visual Studio 15
VisualStudioVersion = 15.0.27428.2015
MinimumVisualStudioVersion = 10.0.40219.1
Project("{FAE04EC0-301F-11D3-BF4B-00C04F79EFBC}") = "FBSEditor", "FBSEditor\FBSEditor.csproj", "{AFC05D10-E07A-43F6-91BF-44D684897ED7}"
EndProject
Global
	GlobalSection(SolutionConfigurationPlatforms) = preSolution
		Debug|Any CPU = Debug|Any CPU
		Release|Any CPU = Release|Any CPU
	EndGlobalSection
	GlobalSection(ProjectConfigurationPlatforms) = postSolution
		{AFC05D10-E07A-43F6-91BF-44D684897ED7}.Debug|Any CPU.ActiveCfg = Debug|Any CPU
		{AFC05D10-E07A-43F6-91BF-44D684897ED7}.Debug|Any CPU.Build.0 = Debug|Any CPU
		{AFC05D10-E07A-43F6-91BF-44D684897ED7}.Release|Any CPU.ActiveCfg = Release|Any CPU
		{AFC05D10-E07A-43F6-91BF-44D684897ED7}.Release|Any CPU.Build.0 = Release|Any CPU
	EndGlobalSection
	GlobalSection(SolutionProperties) = preSolution
		HideSolutionNode = FALSE
	EndGlobalSection
	GlobalSection(ExtensibilityGlobals) = postSolution
		SolutionGuid = {487C6FD5-13C8-4C07-A2FE-096FB4A9B2D2}
	EndGlobalSection
EndGlobal
