
Microsoft Visual Studio Solution File, Format Version 12.00
# Visual Studio 15
VisualStudioVersion = 15.0.27428.2015
MinimumVisualStudioVersion = 10.0.40219.1
Project("{FAE04EC0-301F-11D3-BF4B-00C04F79EFBC}") = "FBSEditor", "FBSEditor\FBSEditor.csproj", "{AFC05D10-E07A-43F6-91BF-44D684897ED7}"
EndProject
Project("{FAE04EC0-301F-11D3-BF4B-00C04F79EFBC}") = "FBSProject", "FBSProject\FBSProject.csproj", "{C8FB1E23-8DFF-4746-87BC-7623A9D88846}"
EndProject
Project("{FAE04EC0-301F-11D3-BF4B-00C04F79EFBC}") = "ConsoleApp1", "ConsoleApp1\ConsoleApp1.csproj", "{80E83F1D-40CD-4B5D-9415-D6A0241090F7}"
EndProject
Global
	GlobalSection(SolutionConfigurationPlatforms) = preSolution
		Debug|Any CPU = Debug|Any CPU
		Debug|ARM = Debug|ARM
		Debug|x64 = Debug|x64
		Debug|x86 = Debug|x86
		Release|Any CPU = Release|Any CPU
		Release|ARM = Release|ARM
		Release|x64 = Release|x64
		Release|x86 = Release|x86
	EndGlobalSection
	GlobalSection(ProjectConfigurationPlatforms) = postSolution
		{AFC05D10-E07A-43F6-91BF-44D684897ED7}.Debug|Any CPU.ActiveCfg = Debug|Any CPU
		{AFC05D10-E07A-43F6-91BF-44D684897ED7}.Debug|Any CPU.Build.0 = Debug|Any CPU
		{AFC05D10-E07A-43F6-91BF-44D684897ED7}.Debug|ARM.ActiveCfg = Debug|Any CPU
		{AFC05D10-E07A-43F6-91BF-44D684897ED7}.Debug|x64.ActiveCfg = Debug|Any CPU
		{AFC05D10-E07A-43F6-91BF-44D684897ED7}.Debug|x86.ActiveCfg = Debug|Any CPU
		{AFC05D10-E07A-43F6-91BF-44D684897ED7}.Release|Any CPU.ActiveCfg = Release|Any CPU
		{AFC05D10-E07A-43F6-91BF-44D684897ED7}.Release|Any CPU.Build.0 = Release|Any CPU
		{AFC05D10-E07A-43F6-91BF-44D684897ED7}.Release|ARM.ActiveCfg = Release|Any CPU
		{AFC05D10-E07A-43F6-91BF-44D684897ED7}.Release|x64.ActiveCfg = Release|Any CPU
		{AFC05D10-E07A-43F6-91BF-44D684897ED7}.Release|x86.ActiveCfg = Release|Any CPU
		{C8FB1E23-8DFF-4746-87BC-7623A9D88846}.Debug|Any CPU.ActiveCfg = Debug|Any CPU
		{C8FB1E23-8DFF-4746-87BC-7623A9D88846}.Debug|Any CPU.Build.0 = Debug|Any CPU
		{C8FB1E23-8DFF-4746-87BC-7623A9D88846}.Debug|ARM.ActiveCfg = Debug|Any CPU
		{C8FB1E23-8DFF-4746-87BC-7623A9D88846}.Debug|ARM.Build.0 = Debug|Any CPU
		{C8FB1E23-8DFF-4746-87BC-7623A9D88846}.Debug|x64.ActiveCfg = Debug|Any CPU
		{C8FB1E23-8DFF-4746-87BC-7623A9D88846}.Debug|x64.Build.0 = Debug|Any CPU
		{C8FB1E23-8DFF-4746-87BC-7623A9D88846}.Debug|x86.ActiveCfg = Debug|Any CPU
		{C8FB1E23-8DFF-4746-87BC-7623A9D88846}.Debug|x86.Build.0 = Debug|Any CPU
		{C8FB1E23-8DFF-4746-87BC-7623A9D88846}.Release|Any CPU.ActiveCfg = Release|Any CPU
		{C8FB1E23-8DFF-4746-87BC-7623A9D88846}.Release|Any CPU.Build.0 = Release|Any CPU
		{C8FB1E23-8DFF-4746-87BC-7623A9D88846}.Release|ARM.ActiveCfg = Release|Any CPU
		{C8FB1E23-8DFF-4746-87BC-7623A9D88846}.Release|ARM.Build.0 = Release|Any CPU
		{C8FB1E23-8DFF-4746-87BC-7623A9D88846}.Release|x64.ActiveCfg = Release|Any CPU
		{C8FB1E23-8DFF-4746-87BC-7623A9D88846}.Release|x64.Build.0 = Release|Any CPU
		{C8FB1E23-8DFF-4746-87BC-7623A9D88846}.Release|x86.ActiveCfg = Release|Any CPU
		{C8FB1E23-8DFF-4746-87BC-7623A9D88846}.Release|x86.Build.0 = Release|Any CPU
		{80E83F1D-40CD-4B5D-9415-D6A0241090F7}.Debug|Any CPU.ActiveCfg = Debug|Any CPU
		{80E83F1D-40CD-4B5D-9415-D6A0241090F7}.Debug|Any CPU.Build.0 = Debug|Any CPU
		{80E83F1D-40CD-4B5D-9415-D6A0241090F7}.Debug|ARM.ActiveCfg = Debug|Any CPU
		{80E83F1D-40CD-4B5D-9415-D6A0241090F7}.Debug|ARM.Build.0 = Debug|Any CPU
		{80E83F1D-40CD-4B5D-9415-D6A0241090F7}.Debug|x64.ActiveCfg = Debug|Any CPU
		{80E83F1D-40CD-4B5D-9415-D6A0241090F7}.Debug|x64.Build.0 = Debug|Any CPU
		{80E83F1D-40CD-4B5D-9415-D6A0241090F7}.Debug|x86.ActiveCfg = Debug|Any CPU
		{80E83F1D-40CD-4B5D-9415-D6A0241090F7}.Debug|x86.Build.0 = Debug|Any CPU
		{80E83F1D-40CD-4B5D-9415-D6A0241090F7}.Release|Any CPU.ActiveCfg = Release|Any CPU
		{80E83F1D-40CD-4B5D-9415-D6A0241090F7}.Release|Any CPU.Build.0 = Release|Any CPU
		{80E83F1D-40CD-4B5D-9415-D6A0241090F7}.Release|ARM.ActiveCfg = Release|Any CPU
		{80E83F1D-40CD-4B5D-9415-D6A0241090F7}.Release|ARM.Build.0 = Release|Any CPU
		{80E83F1D-40CD-4B5D-9415-D6A0241090F7}.Release|x64.ActiveCfg = Release|Any CPU
		{80E83F1D-40CD-4B5D-9415-D6A0241090F7}.Release|x64.Build.0 = Release|Any CPU
		{80E83F1D-40CD-4B5D-9415-D6A0241090F7}.Release|x86.ActiveCfg = Release|Any CPU
		{80E83F1D-40CD-4B5D-9415-D6A0241090F7}.Release|x86.Build.0 = Release|Any CPU
	EndGlobalSection
	GlobalSection(SolutionProperties) = preSolution
		HideSolutionNode = FALSE
	EndGlobalSection
	GlobalSection(ExtensibilityGlobals) = postSolution
		SolutionGuid = {487C6FD5-13C8-4C07-A2FE-096FB4A9B2D2}
	EndGlobalSection
EndGlobal
